
Microsoft Visual Studio Solution File, Format Version 12.00
# Visual Studio Version 16
VisualStudioVersion = 16.0.32510.428
MinimumVisualStudioVersion = 10.0.40219.1
Project("{FAE04EC0-301F-11D3-BF4B-00C04F79EFBC}") = "TiktokSolver", "TiktokSolver\TiktokSolver.csproj", "{68F2CDD6-1167-43B0-AD00-8158EB4566E6}"
EndProject
Global
	GlobalSection(SolutionConfigurationPlatforms) = preSolution
		Debug|Any CPU = Debug|Any CPU
		Release|Any CPU = Release|Any CPU
	EndGlobalSection
	GlobalSection(ProjectConfigurationPlatforms) = postSolution
		{68F2CDD6-1167-43B0-AD00-8158EB4566E6}.Debug|Any CPU.ActiveCfg = Debug|Any CPU
		{68F2CDD6-1167-43B0-AD00-8158EB4566E6}.Debug|Any CPU.Build.0 = Debug|Any CPU
		{68F2CDD6-1167-43B0-AD00-8158EB4566E6}.Release|Any CPU.ActiveCfg = Release|Any CPU
		{68F2CDD6-1167-43B0-AD00-8158EB4566E6}.Release|Any CPU.Build.0 = Release|Any CPU
	EndGlobalSection
	GlobalSection(SolutionProperties) = preSolution
		HideSolutionNode = FALSE
	EndGlobalSection
	GlobalSection(ExtensibilityGlobals) = postSolution
		SolutionGuid = {E9C77C98-6826-4E11-BB52-E85B79615961}
	EndGlobalSection
EndGlobal
